{
  "version": 4,
  "terraform_version": "1.1.4",
  "serial": 3,
  "lineage": "d68d7dd3-b406-8b65-d1a0-e690f7e6e8c6",
  "outputs": {
    "resource_group_id": {
      "value": "/subscriptions/514cd396-f281-41a1-b376-6d348b606151/resourceGroups/rg-rodrigo-testing-terraform",
      "type": "string"
    }
  },
  "resources": [
    {
      "mode": "managed",
      "type": "azurerm_consumption_budget_resource_group",
      "name": "example",
      "provider": "provider[\"registry.terraform.io/hashicorp/azurerm\"]",
      "instances": [
        {
          "schema_version": 0,
          "attributes": {
            "amount": 100,
            "etag": "\"1d905c3502fce85\"",
            "filter": [],
            "id": "/subscriptions/514cd396-f281-41a1-b376-6d348b606151/resourceGroups/rg-rodrigo-testing-terraform/providers/Microsoft.Consumption/budgets/newBudget",
            "name": "newBudget",
            "notification": [
              {
                "contact_emails": [
                  "rodrigo.sampayo@kinandcarta.com"
                ],
                "contact_groups": [],
                "contact_roles": [],
                "enabled": false,
                "operator": "GreaterThan",
                "threshold": 100,
                "threshold_type": "Actual"
              },
              {
                "contact_emails": [
                  "rodrigo.sampayo@kinandcarta.com"
                ],
                "contact_groups": [],
                "contact_roles": [],
                "enabled": true,
                "operator": "EqualTo",
                "threshold": 90,
                "threshold_type": "Actual"
              }
            ],
            "resource_group_id": "/subscriptions/514cd396-f281-41a1-b376-6d348b606151/resourceGroups/rg-rodrigo-testing-terraform",
            "time_grain": "Monthly",
            "time_period": [
              {
                "end_date": "2022-12-30T00:00:00Z",
                "start_date": "2022-12-01T00:00:00Z"
              }
            ],
            "timeouts": null
          },
          "sensitive_attributes": [],
          "private": "eyJlMmJmYjczMC1lY2FhLTExZTYtOGY4OC0zNDM2M2JjN2M0YzAiOnsiY3JlYXRlIjoxODAwMDAwMDAwMDAwLCJkZWxldGUiOjE4MDAwMDAwMDAwMDAsInJlYWQiOjMwMDAwMDAwMDAwMCwidXBkYXRlIjoxODAwMDAwMDAwMDAwfX0=",
          "dependencies": [
            "azurerm_resource_group.rg"
          ]
        }
      ]
    },
    {
      "mode": "managed",
      "type": "azurerm_resource_group",
      "name": "rg",
      "provider": "provider[\"registry.terraform.io/hashicorp/azurerm\"]",
      "instances": [
        {
          "schema_version": 0,
          "attributes": {
            "id": "/subscriptions/514cd396-f281-41a1-b376-6d348b606151/resourceGroups/rg-rodrigo-testing-terraform",
            "location": "westus2",
            "name": "rg-rodrigo-testing-terraform",
            "tags": {
              "CostCenter": "CDS Devops",
              "DeletionDate": "Jan-2023",
              "Stakeholders": "TomLuxon"
            },
            "timeouts": null
          },
          "sensitive_attributes": [],
          "private": "eyJlMmJmYjczMC1lY2FhLTExZTYtOGY4OC0zNDM2M2JjN2M0YzAiOnsiY3JlYXRlIjo1NDAwMDAwMDAwMDAwLCJkZWxldGUiOjU0MDAwMDAwMDAwMDAsInJlYWQiOjMwMDAwMDAwMDAwMCwidXBkYXRlIjo1NDAwMDAwMDAwMDAwfX0="
        }
      ]
    }
  ]
}
